
Microsoft Visual Studio Solution File, Format Version 12.00
# Visual Studio 15
VisualStudioVersion = 15.0.28307.572
MinimumVisualStudioVersion = 10.0.40219.1
Project("{FAE04EC0-301F-11D3-BF4B-00C04F79EFBC}") = "Anadolu.WebApp", "Anadolu.WebApp\Anadolu.WebApp.csproj", "{AE497C72-8395-48AB-81C5-E6D1794461FC}"
EndProject
Project("{FAE04EC0-301F-11D3-BF4B-00C04F79EFBC}") = "Anadolu.BusinessLayer", "Anadolu.BusinessLayer\Anadolu.BusinessLayer.csproj", "{9FC35170-ED6B-4430-A48E-2EAE5CCBB6D6}"
EndProject
Project("{FAE04EC0-301F-11D3-BF4B-00C04F79EFBC}") = "Anadolu.DataAccessLayer", "Anadolu.DataAccessLayer\Anadolu.DataAccessLayer.csproj", "{DFE5D6DD-FC69-4667-8F45-E8AF00657829}"
EndProject
Project("{FAE04EC0-301F-11D3-BF4B-00C04F79EFBC}") = "Anadolu.Entitiess", "Anadolu.Entitiess\Anadolu.Entitiess.csproj", "{1A49068B-58A7-418A-9C34-EC2E747E3EA4}"
EndProject
Project("{FAE04EC0-301F-11D3-BF4B-00C04F79EFBC}") = "Anadolu.Core", "Anadolu.Core\Anadolu.Core.csproj", "{5E8F26CA-4DC2-4EB7-8312-27FF94D83514}"
EndProject
Global
	GlobalSection(SolutionConfigurationPlatforms) = preSolution
		Debug|Any CPU = Debug|Any CPU
		Release|Any CPU = Release|Any CPU
	EndGlobalSection
	GlobalSection(ProjectConfigurationPlatforms) = postSolution
		{AE497C72-8395-48AB-81C5-E6D1794461FC}.Debug|Any CPU.ActiveCfg = Debug|Any CPU
		{AE497C72-8395-48AB-81C5-E6D1794461FC}.Debug|Any CPU.Build.0 = Debug|Any CPU
		{AE497C72-8395-48AB-81C5-E6D1794461FC}.Release|Any CPU.ActiveCfg = Release|Any CPU
		{AE497C72-8395-48AB-81C5-E6D1794461FC}.Release|Any CPU.Build.0 = Release|Any CPU
		{9FC35170-ED6B-4430-A48E-2EAE5CCBB6D6}.Debug|Any CPU.ActiveCfg = Debug|Any CPU
		{9FC35170-ED6B-4430-A48E-2EAE5CCBB6D6}.Debug|Any CPU.Build.0 = Debug|Any CPU
		{9FC35170-ED6B-4430-A48E-2EAE5CCBB6D6}.Release|Any CPU.ActiveCfg = Release|Any CPU
		{9FC35170-ED6B-4430-A48E-2EAE5CCBB6D6}.Release|Any CPU.Build.0 = Release|Any CPU
		{DFE5D6DD-FC69-4667-8F45-E8AF00657829}.Debug|Any CPU.ActiveCfg = Debug|Any CPU
		{DFE5D6DD-FC69-4667-8F45-E8AF00657829}.Debug|Any CPU.Build.0 = Debug|Any CPU
		{DFE5D6DD-FC69-4667-8F45-E8AF00657829}.Release|Any CPU.ActiveCfg = Release|Any CPU
		{DFE5D6DD-FC69-4667-8F45-E8AF00657829}.Release|Any CPU.Build.0 = Release|Any CPU
		{1A49068B-58A7-418A-9C34-EC2E747E3EA4}.Debug|Any CPU.ActiveCfg = Debug|Any CPU
		{1A49068B-58A7-418A-9C34-EC2E747E3EA4}.Debug|Any CPU.Build.0 = Debug|Any CPU
		{1A49068B-58A7-418A-9C34-EC2E747E3EA4}.Release|Any CPU.ActiveCfg = Release|Any CPU
		{1A49068B-58A7-418A-9C34-EC2E747E3EA4}.Release|Any CPU.Build.0 = Release|Any CPU
		{5E8F26CA-4DC2-4EB7-8312-27FF94D83514}.Debug|Any CPU.ActiveCfg = Debug|Any CPU
		{5E8F26CA-4DC2-4EB7-8312-27FF94D83514}.Debug|Any CPU.Build.0 = Debug|Any CPU
		{5E8F26CA-4DC2-4EB7-8312-27FF94D83514}.Release|Any CPU.ActiveCfg = Release|Any CPU
		{5E8F26CA-4DC2-4EB7-8312-27FF94D83514}.Release|Any CPU.Build.0 = Release|Any CPU
	EndGlobalSection
	GlobalSection(SolutionProperties) = preSolution
		HideSolutionNode = FALSE
	EndGlobalSection
	GlobalSection(ExtensibilityGlobals) = postSolution
		SolutionGuid = {23A75F4D-6BC5-4512-9C4B-B0120C106ED6}
	EndGlobalSection
EndGlobal
